
Microsoft Visual Studio Solution File, Format Version 12.00
# Visual Studio Version 17
VisualStudioVersion = 17.1.31911.260
MinimumVisualStudioVersion = 10.0.40219.1
Project("{9A19103F-16F7-4668-BE54-9A1E7A4F7556}") = "Moq.AutoMock", "Moq.AutoMock\Moq.AutoMock.csproj", "{EEEF1922-71E6-443B-A86B-14742AB8E9C0}"
EndProject
Project("{9A19103F-16F7-4668-BE54-9A1E7A4F7556}") = "Moq.AutoMock.Tests", "Moq.AutoMock.Tests\Moq.AutoMock.Tests.csproj", "{EE94D503-6880-44FF-B23A-B11D521BAB7A}"
EndProject
Project("{2150E333-8FDC-42A3-9474-1A3956D46DE8}") = "Solution Items", "Solution Items", "{5698188E-884A-49D3-A74B-FF98C782BF15}"
	ProjectSection(SolutionItems) = preProject
		.editorconfig = .editorconfig
		Directory.Build.props = Directory.Build.props
		Directory.Build.targets = Directory.Build.targets
		LICENSE.md = LICENSE.md
		README.md = README.md
	EndProjectSection
EndProject
Project("{9A19103F-16F7-4668-BE54-9A1E7A4F7556}") = "Generators", "Generators\Generators.csproj", "{98CADDA9-5D66-405A-8A59-90636A242869}"
EndProject
Project("{2150E333-8FDC-42A3-9474-1A3956D46DE8}") = "GeneratorTests", "GeneratorTests", "{1D10BDDE-2E03-42E4-AA7A-B12AF01E7FE8}"
EndProject
Project("{9A19103F-16F7-4668-BE54-9A1E7A4F7556}") = "Moq.AutoMock.Generator.Example", "GeneratorTests\Moq.AutoMocker.Generator.Example\Moq.AutoMock.Generator.Example.csproj", "{F142399A-FAB8-4097-BC7B-0266200FA14D}"
EndProject
Project("{9A19103F-16F7-4668-BE54-9A1E7A4F7556}") = "Moq.AutoMock.Generator.Example.MSTest", "GeneratorTests\Moq.AutoMock.Generator.Example.MSTest\Moq.AutoMock.Generator.Example.MSTest.csproj", "{BAFB5236-9C52-48D2-8CD5-E214652F38D3}"
EndProject
Project("{9A19103F-16F7-4668-BE54-9A1E7A4F7556}") = "Moq.AutoMock.Generator.Example.NUnit", "GeneratorTests\Moq.AutoMock.Generator.Example.NUnit\Moq.AutoMock.Generator.Example.NUnit.csproj", "{0E545A4D-809E-47CA-AC16-5CB80CD231F6}"
EndProject
Project("{9A19103F-16F7-4668-BE54-9A1E7A4F7556}") = "Moq.AutoMock.Generator.Example.xUnit", "GeneratorTests\Moq.AutoMock.Generator.Example.xUnit\Moq.AutoMock.Generator.Example.xUnit.csproj", "{586D1D6A-3EE2-4AB8-988A-CEB810EF7787}"
EndProject
Project("{9A19103F-16F7-4668-BE54-9A1E7A4F7556}") = "Moq.AutoMocker.TestGenerator", "Moq.AutoMocker.TestGenerator\Moq.AutoMocker.TestGenerator.csproj", "{710AF8FE-BB9E-4FE9-ABF7-0CE8BD212BB4}"
EndProject
Project("{9A19103F-16F7-4668-BE54-9A1E7A4F7556}") = "Moq.AutoMocker.TestGenerator.Tests", "Moq.AutoMocker.TestGenerator.Tests\Moq.AutoMocker.TestGenerator.Tests.csproj", "{F3663663-0123-4DA3-9BDD-95C91AFA4596}"
EndProject
Project("{2150E333-8FDC-42A3-9474-1A3956D46DE8}") = ".github", ".github", "{820CF7FE-8E92-4500-BE62-55AF67007838}"
	ProjectSection(SolutionItems) = preProject
		.github\dependabot.yml = .github\dependabot.yml
		.github\workflows\dotnetcore.yml = .github\workflows\dotnetcore.yml
	EndProjectSection
EndProject
Global
	GlobalSection(SolutionConfigurationPlatforms) = preSolution
		Debug|Any CPU = Debug|Any CPU
		Release|Any CPU = Release|Any CPU
	EndGlobalSection
	GlobalSection(ProjectConfigurationPlatforms) = postSolution
		{EEEF1922-71E6-443B-A86B-14742AB8E9C0}.Debug|Any CPU.ActiveCfg = Debug|Any CPU
		{EEEF1922-71E6-443B-A86B-14742AB8E9C0}.Debug|Any CPU.Build.0 = Debug|Any CPU
		{EEEF1922-71E6-443B-A86B-14742AB8E9C0}.Release|Any CPU.ActiveCfg = Release|Any CPU
		{EEEF1922-71E6-443B-A86B-14742AB8E9C0}.Release|Any CPU.Build.0 = Release|Any CPU
		{EE94D503-6880-44FF-B23A-B11D521BAB7A}.Debug|Any CPU.ActiveCfg = Debug|Any CPU
		{EE94D503-6880-44FF-B23A-B11D521BAB7A}.Debug|Any CPU.Build.0 = Debug|Any CPU
		{EE94D503-6880-44FF-B23A-B11D521BAB7A}.Release|Any CPU.ActiveCfg = Release|Any CPU
		{EE94D503-6880-44FF-B23A-B11D521BAB7A}.Release|Any CPU.Build.0 = Release|Any CPU
		{98CADDA9-5D66-405A-8A59-90636A242869}.Debug|Any CPU.ActiveCfg = Debug|Any CPU
		{98CADDA9-5D66-405A-8A59-90636A242869}.Debug|Any CPU.Build.0 = Debug|Any CPU
		{98CADDA9-5D66-405A-8A59-90636A242869}.Release|Any CPU.ActiveCfg = Release|Any CPU
		{98CADDA9-5D66-405A-8A59-90636A242869}.Release|Any CPU.Build.0 = Release|Any CPU
		{F142399A-FAB8-4097-BC7B-0266200FA14D}.Debug|Any CPU.ActiveCfg = Debug|Any CPU
		{F142399A-FAB8-4097-BC7B-0266200FA14D}.Debug|Any CPU.Build.0 = Debug|Any CPU
		{F142399A-FAB8-4097-BC7B-0266200FA14D}.Release|Any CPU.ActiveCfg = Release|Any CPU
		{F142399A-FAB8-4097-BC7B-0266200FA14D}.Release|Any CPU.Build.0 = Release|Any CPU
		{BAFB5236-9C52-48D2-8CD5-E214652F38D3}.Debug|Any CPU.ActiveCfg = Debug|Any CPU
		{BAFB5236-9C52-48D2-8CD5-E214652F38D3}.Debug|Any CPU.Build.0 = Debug|Any CPU
		{BAFB5236-9C52-48D2-8CD5-E214652F38D3}.Release|Any CPU.ActiveCfg = Release|Any CPU
		{BAFB5236-9C52-48D2-8CD5-E214652F38D3}.Release|Any CPU.Build.0 = Release|Any CPU
		{0E545A4D-809E-47CA-AC16-5CB80CD231F6}.Debug|Any CPU.ActiveCfg = Debug|Any CPU
		{0E545A4D-809E-47CA-AC16-5CB80CD231F6}.Debug|Any CPU.Build.0 = Debug|Any CPU
		{0E545A4D-809E-47CA-AC16-5CB80CD231F6}.Release|Any CPU.ActiveCfg = Release|Any CPU
		{0E545A4D-809E-47CA-AC16-5CB80CD231F6}.Release|Any CPU.Build.0 = Release|Any CPU
		{586D1D6A-3EE2-4AB8-988A-CEB810EF7787}.Debug|Any CPU.ActiveCfg = Debug|Any CPU
		{586D1D6A-3EE2-4AB8-988A-CEB810EF7787}.Debug|Any CPU.Build.0 = Debug|Any CPU
		{586D1D6A-3EE2-4AB8-988A-CEB810EF7787}.Release|Any CPU.ActiveCfg = Release|Any CPU
		{586D1D6A-3EE2-4AB8-988A-CEB810EF7787}.Release|Any CPU.Build.0 = Release|Any CPU
		{710AF8FE-BB9E-4FE9-ABF7-0CE8BD212BB4}.Debug|Any CPU.ActiveCfg = Debug|Any CPU
		{710AF8FE-BB9E-4FE9-ABF7-0CE8BD212BB4}.Debug|Any CPU.Build.0 = Debug|Any CPU
		{710AF8FE-BB9E-4FE9-ABF7-0CE8BD212BB4}.Release|Any CPU.ActiveCfg = Release|Any CPU
		{710AF8FE-BB9E-4FE9-ABF7-0CE8BD212BB4}.Release|Any CPU.Build.0 = Release|Any CPU
		{F3663663-0123-4DA3-9BDD-95C91AFA4596}.Debug|Any CPU.ActiveCfg = Debug|Any CPU
		{F3663663-0123-4DA3-9BDD-95C91AFA4596}.Debug|Any CPU.Build.0 = Debug|Any CPU
		{F3663663-0123-4DA3-9BDD-95C91AFA4596}.Release|Any CPU.ActiveCfg = Release|Any CPU
		{F3663663-0123-4DA3-9BDD-95C91AFA4596}.Release|Any CPU.Build.0 = Release|Any CPU
	EndGlobalSection
	GlobalSection(SolutionProperties) = preSolution
		HideSolutionNode = FALSE
	EndGlobalSection
	GlobalSection(NestedProjects) = preSolution
		{F142399A-FAB8-4097-BC7B-0266200FA14D} = {1D10BDDE-2E03-42E4-AA7A-B12AF01E7FE8}
		{BAFB5236-9C52-48D2-8CD5-E214652F38D3} = {1D10BDDE-2E03-42E4-AA7A-B12AF01E7FE8}
		{0E545A4D-809E-47CA-AC16-5CB80CD231F6} = {1D10BDDE-2E03-42E4-AA7A-B12AF01E7FE8}
		{586D1D6A-3EE2-4AB8-988A-CEB810EF7787} = {1D10BDDE-2E03-42E4-AA7A-B12AF01E7FE8}
		{820CF7FE-8E92-4500-BE62-55AF67007838} = {5698188E-884A-49D3-A74B-FF98C782BF15}
	EndGlobalSection
	GlobalSection(ExtensibilityGlobals) = postSolution
		SolutionGuid = {1A499C6A-1AB1-4A04-A133-BBCF4759DACA}
	EndGlobalSection
EndGlobal
